# This file is automatically @generated by Cargo.
# It is not intended for manual editing.
[[package]]
name = "buddy-alloc"
version = "0.3.0"
source = "registry+https://github.com/rust-lang/crates.io-index"

[[package]]
name = "cc"
version = "1.0.58"
source = "registry+https://github.com/rust-lang/crates.io-index"

[[package]]
name = "cfg-if"
version = "0.1.10"
source = "registry+https://github.com/rust-lang/crates.io-index"

[[package]]
name = "ckb-allocator"
version = "0.1.1"
source = "registry+https://github.com/rust-lang/crates.io-index"
dependencies = [
 "buddy-alloc 0.3.0 (registry+https://github.com/rust-lang/crates.io-index)",
]

[[package]]
name = "ckb-standalone-types"
version = "0.0.1-pre.1"
source = "registry+https://github.com/rust-lang/crates.io-index"
dependencies = [
 "cfg-if 0.1.10 (registry+https://github.com/rust-lang/crates.io-index)",
 "molecule 0.6.0 (registry+https://github.com/rust-lang/crates.io-index)",
]

[[package]]
name = "ckb-std"
version = "0.4.1"
source = "registry+https://github.com/rust-lang/crates.io-index"
dependencies = [
 "cc 1.0.58 (registry+https://github.com/rust-lang/crates.io-index)",
 "ckb-allocator 0.1.1 (registry+https://github.com/rust-lang/crates.io-index)",
 "ckb-standalone-types 0.0.1-pre.1 (registry+https://github.com/rust-lang/crates.io-index)",
]

[[package]]
name = "molecule"
version = "0.6.0"
source = "registry+https://github.com/rust-lang/crates.io-index"
dependencies = [
 "cfg-if 0.1.10 (registry+https://github.com/rust-lang/crates.io-index)",
]

[[package]]
name = "sudt"
version = "0.1.0"
dependencies = [
 "ckb-std 0.4.1 (registry+https://github.com/rust-lang/crates.io-index)",
]

[metadata]
"checksum buddy-alloc 0.3.0 (registry+https://github.com/rust-lang/crates.io-index)" = "efba9eaa9fdf9fddf408904e3dc3dc414411053ef48c06edd3aac53d2d919e0e"
"checksum cc 1.0.58 (registry+https://github.com/rust-lang/crates.io-index)" = "f9a06fb2e53271d7c279ec1efea6ab691c35a2ae67ec0d91d7acec0caf13b518"
"checksum cfg-if 0.1.10 (registry+https://github.com/rust-lang/crates.io-index)" = "4785bdd1c96b2a846b2bd7cc02e86b6b3dbf14e7e53446c4f54c92a361040822"
"checksum ckb-allocator 0.1.1 (registry+https://github.com/rust-lang/crates.io-index)" = "572ce0405d93e105d547f6d362c70c4b744e5e0984f9b9877c81afd070c8e2cc"
"checksum ckb-standalone-types 0.0.1-pre.1 (registry+https://github.com/rust-lang/crates.io-index)" = "af2cdbdf65ee5b1da71504f5a03d6984bce77d0b4b46daff63f4ba4a3b0eef08"
"checksum ckb-std 0.4.1 (registry+https://github.com/rust-lang/crates.io-index)" = "7a228fce85fb65a4353881e11ef11b3ef4808ae3c5d36bd1568f76583980aeb2"
"checksum molecule 0.6.0 (registry+https://github.com/rust-lang/crates.io-index)" = "663f76cc52219e5957e2f5563cce9d89f98aa8503c9c898b5c412d97df663998"
